
Microsoft Visual Studio Solution File, Format Version 12.00
# Visual Studio Version 17
VisualStudioVersion = 17.4.33122.133
MinimumVisualStudioVersion = 10.0.40219.1
Project("{FAE04EC0-301F-11D3-BF4B-00C04F79EFBC}") = "WpfAppAuth2", "WpfAppAuth2\WpfAppAuth2.csproj", "{DAEB21C9-5645-4B44-B1B8-376F6CE05A2B}"
EndProject
Global
	GlobalSection(SolutionConfigurationPlatforms) = preSolution
		Debug|Any CPU = Debug|Any CPU
		Release|Any CPU = Release|Any CPU
	EndGlobalSection
	GlobalSection(ProjectConfigurationPlatforms) = postSolution
		{DAEB21C9-5645-4B44-B1B8-376F6CE05A2B}.Debug|Any CPU.ActiveCfg = Debug|Any CPU
		{DAEB21C9-5645-4B44-B1B8-376F6CE05A2B}.Debug|Any CPU.Build.0 = Debug|Any CPU
		{DAEB21C9-5645-4B44-B1B8-376F6CE05A2B}.Release|Any CPU.ActiveCfg = Release|Any CPU
		{DAEB21C9-5645-4B44-B1B8-376F6CE05A2B}.Release|Any CPU.Build.0 = Release|Any CPU
	EndGlobalSection
	GlobalSection(SolutionProperties) = preSolution
		HideSolutionNode = FALSE
	EndGlobalSection
	GlobalSection(ExtensibilityGlobals) = postSolution
		SolutionGuid = {2AE2C66E-4278-4D76-85BC-246D915262F2}
	EndGlobalSection
EndGlobal
